
Microsoft Visual Studio Solution File, Format Version 12.00
# Visual Studio Version 16
VisualStudioVersion = 16.0.809.0
MinimumVisualStudioVersion = 10.0.40219.1
Project("{FAE04EC0-301F-11D3-BF4B-00C04F79EFBC}") = "CNP", "CNP.csproj", "{ECD41F4D-B49A-41F4-B32D-1778BFFF1161}"
EndProject
Global
	GlobalSection(SolutionConfigurationPlatforms) = preSolution
		Debug|Any CPU = Debug|Any CPU
		Release|Any CPU = Release|Any CPU
	EndGlobalSection
	GlobalSection(ProjectConfigurationPlatforms) = postSolution
		{ECD41F4D-B49A-41F4-B32D-1778BFFF1161}.Debug|Any CPU.ActiveCfg = Debug|Any CPU
		{ECD41F4D-B49A-41F4-B32D-1778BFFF1161}.Debug|Any CPU.Build.0 = Debug|Any CPU
		{ECD41F4D-B49A-41F4-B32D-1778BFFF1161}.Release|Any CPU.ActiveCfg = Release|Any CPU
		{ECD41F4D-B49A-41F4-B32D-1778BFFF1161}.Release|Any CPU.Build.0 = Release|Any CPU
	EndGlobalSection
	GlobalSection(SolutionProperties) = preSolution
		HideSolutionNode = FALSE
	EndGlobalSection
	GlobalSection(ExtensibilityGlobals) = postSolution
		SolutionGuid = {352B4CB1-0DBC-491E-9271-6D940B61475E}
	EndGlobalSection
EndGlobal
