Microsoft Visual Studio Solution File, Format Version 12.00
# Visual Studio Version 16
VisualStudioVersion = 16.0.30907.101
MinimumVisualStudioVersion = 10.0.40219.1
Project("{9A19103F-16F7-4668-BE54-9A1E7A4F7556}") = "CNP", "cnplib\CNP.csproj", "{99495660-60AD-4485-9CB4-C20DBC9EF478}"
EndProject
Project("{9A19103F-16F7-4668-BE54-9A1E7A4F7556}") = "Tests", "cnpTests\Tests.csproj", "{1C356B45-9A19-459F-A4EE-46326108650C}"
EndProject
Project("{2150E333-8FDC-42A3-9474-1A3956D46DE8}") = "Solution Items", "Solution Items", "{0FB392C1-DC4B-42D2-8A6D-1EFDE5059389}"
	ProjectSection(SolutionItems) = preProject
		andorargs.txt = andorargs.txt
		readme.md = readme.md
		folds.md = folds.md
	EndProjectSection
EndProject
Global
	GlobalSection(SolutionConfigurationPlatforms) = preSolution
		Debug|Any CPU = Debug|Any CPU
		DebugWithInfo|Any CPU = DebugWithInfo|Any CPU
		Release|Any CPU = Release|Any CPU
	EndGlobalSection
	GlobalSection(ProjectConfigurationPlatforms) = postSolution
		{99495660-60AD-4485-9CB4-C20DBC9EF478}.Debug|Any CPU.ActiveCfg = Debug|Any CPU
		{99495660-60AD-4485-9CB4-C20DBC9EF478}.Debug|Any CPU.Build.0 = Debug|Any CPU
		{99495660-60AD-4485-9CB4-C20DBC9EF478}.DebugWithInfo|Any CPU.ActiveCfg = Debug|Any CPU
		{99495660-60AD-4485-9CB4-C20DBC9EF478}.DebugWithInfo|Any CPU.Build.0 = Debug|Any CPU
		{99495660-60AD-4485-9CB4-C20DBC9EF478}.Release|Any CPU.ActiveCfg = Release|Any CPU
		{99495660-60AD-4485-9CB4-C20DBC9EF478}.Release|Any CPU.Build.0 = Release|Any CPU
		{1C356B45-9A19-459F-A4EE-46326108650C}.Debug|Any CPU.ActiveCfg = Debug|Any CPU
		{1C356B45-9A19-459F-A4EE-46326108650C}.Debug|Any CPU.Build.0 = Debug|Any CPU
		{1C356B45-9A19-459F-A4EE-46326108650C}.DebugWithInfo|Any CPU.ActiveCfg = Debug|Any CPU
		{1C356B45-9A19-459F-A4EE-46326108650C}.DebugWithInfo|Any CPU.Build.0 = Debug|Any CPU
		{1C356B45-9A19-459F-A4EE-46326108650C}.Release|Any CPU.ActiveCfg = Release|Any CPU
		{1C356B45-9A19-459F-A4EE-46326108650C}.Release|Any CPU.Build.0 = Release|Any CPU
	EndGlobalSection
	GlobalSection(SolutionProperties) = preSolution
		HideSolutionNode = FALSE
	EndGlobalSection
	GlobalSection(ExtensibilityGlobals) = postSolution
		SolutionGuid = {66236C35-8C8C-4ED7-B568-2EAD395CD23C}
	EndGlobalSection
	GlobalSection(MonoDevelopProperties) = preSolution
		Policies = $0
		$0.TextStylePolicy = $1
		$1.FileWidth = 80
		$1.TabWidth = 2
		$1.TabsToSpaces = True
		$1.IndentWidth = 2
		$1.scope = text/x-csharp
		$0.CSharpFormattingPolicy = $2
		$2.scope = text/x-csharp
	EndGlobalSection
EndGlobal
